{
    "_meta": {
        "hash": {
            "sha256": "911903853b1c32106706e8e2b0acd7a1726768a844ae9235ecb35476942c26ea"
        },
        "pipfile-spec": 6,
        "requires": {
            "python_version": "3.7"
        },
        "sources": [
            {
                "name": "pypi",
                "url": "https://pypi.org/simple",
                "verify_ssl": true
            }
        ]
    },
    "default": {
        "neo4j-driver": {
            "hashes": [
                "sha256:59c6894153fba97f2b7e223f795de395f2fbf094330da809107fd59423338b25"
            ],
            "index": "pypi",
            "version": "==1.7.4"
        },
        "neobolt": {
            "hashes": [
                "sha256:fa9efe4a4defbdc63fc3f1e552d503727049586c59d8a3acf5188a2cf1a45dce"
            ],
            "version": "==1.7.13"
        },
        "neotime": {
            "hashes": [
                "sha256:4e0477ba0f24e004de2fa79a3236de2bd941f20de0b5db8d976c52a86d7363eb"
            ],
            "version": "==1.7.4"
        },
        "pytz": {
            "hashes": [
                "sha256:26c0b32e437e54a18161324a2fca3c4b9846b74a8dccddd843113109e1116b32",
                "sha256:c894d57500a4cd2d5c71114aaab77dbab5eabd9022308ce5ac9bb93a60a6f0c7"
            ],
            "version": "==2019.2"
        },
        "six": {
            "hashes": [
                "sha256:3350809f0555b11f552448330d0b52d5f24c91a322ea4a15ef22629740f3761c",
                "sha256:d16a0141ec1a18405cd4ce8b4613101da75da0e9a7aec5bdd4fa804d0e0eba73"
            ],
            "version": "==1.12.0"
        }
    },
    "develop": {}
}
